
Microsoft Visual Studio Solution File, Format Version 12.00
# Visual Studio Version 17
VisualStudioVersion = 17.4.33110.190
MinimumVisualStudioVersion = 10.0.40219.1
Project("{9A19103F-16F7-4668-BE54-9A1E7A4F7556}") = "CourseLibrary.API", "CourseLibrary.API\CourseLibrary.API.csproj", "{62425023-E8B3-47F9-80E2-57A93DC0B02C}"
EndProject
Project("{9A19103F-16F7-4668-BE54-9A1E7A4F7556}") = "CourseLibrary.Tests.Unit", "CourseLibrary.Tests.Unit\CourseLibrary.Tests.Unit.csproj", "{F24EB565-E9D4-45ED-8325-3F067688B5A4}"
EndProject
Project("{FAE04EC0-301F-11D3-BF4B-00C04F79EFBC}") = "CourseLibrary.Tests.Integration", "CourseLibrary.Tests.Integration\CourseLibrary.Tests.Integration.csproj", "{EB9CF380-F587-43E0-A928-2DAC227640B2}"
EndProject
Global
	GlobalSection(SolutionConfigurationPlatforms) = preSolution
		Debug|Any CPU = Debug|Any CPU
		Release|Any CPU = Release|Any CPU
	EndGlobalSection
	GlobalSection(ProjectConfigurationPlatforms) = postSolution
		{62425023-E8B3-47F9-80E2-57A93DC0B02C}.Debug|Any CPU.ActiveCfg = Debug|Any CPU
		{62425023-E8B3-47F9-80E2-57A93DC0B02C}.Debug|Any CPU.Build.0 = Debug|Any CPU
		{62425023-E8B3-47F9-80E2-57A93DC0B02C}.Release|Any CPU.ActiveCfg = Release|Any CPU
		{62425023-E8B3-47F9-80E2-57A93DC0B02C}.Release|Any CPU.Build.0 = Release|Any CPU
		{F24EB565-E9D4-45ED-8325-3F067688B5A4}.Debug|Any CPU.ActiveCfg = Debug|Any CPU
		{F24EB565-E9D4-45ED-8325-3F067688B5A4}.Debug|Any CPU.Build.0 = Debug|Any CPU
		{F24EB565-E9D4-45ED-8325-3F067688B5A4}.Release|Any CPU.ActiveCfg = Release|Any CPU
		{F24EB565-E9D4-45ED-8325-3F067688B5A4}.Release|Any CPU.Build.0 = Release|Any CPU
		{EB9CF380-F587-43E0-A928-2DAC227640B2}.Debug|Any CPU.ActiveCfg = Debug|Any CPU
		{EB9CF380-F587-43E0-A928-2DAC227640B2}.Debug|Any CPU.Build.0 = Debug|Any CPU
		{EB9CF380-F587-43E0-A928-2DAC227640B2}.Release|Any CPU.ActiveCfg = Release|Any CPU
		{EB9CF380-F587-43E0-A928-2DAC227640B2}.Release|Any CPU.Build.0 = Release|Any CPU
	EndGlobalSection
	GlobalSection(SolutionProperties) = preSolution
		HideSolutionNode = FALSE
	EndGlobalSection
	GlobalSection(ExtensibilityGlobals) = postSolution
		SolutionGuid = {CDD0E448-6F0C-46BE-B1DF-BB0B944A454F}
	EndGlobalSection
EndGlobal
